
Microsoft Visual Studio Solution File, Format Version 12.00
# Visual Studio Version 17
VisualStudioVersion = 17.3.32811.315
MinimumVisualStudioVersion = 10.0.40219.1
Project("{FAE04EC0-301F-11D3-BF4B-00C04F79EFBC}") = "PatientInfoTest", "..\PatientInfoTest\PatientInfoTest.csproj", "{2893F7BE-AEBE-4AB8-8468-2F49F7504FDC}"
EndProject
Project("{9A19103F-16F7-4668-BE54-9A1E7A4F7556}") = "PatientDetails", "PatientDetails.csproj", "{B4E17453-1134-46E1-AD78-62BC818CE53B}"
EndProject
Global
	GlobalSection(SolutionConfigurationPlatforms) = preSolution
		Debug|Any CPU = Debug|Any CPU
		Release|Any CPU = Release|Any CPU
	EndGlobalSection
	GlobalSection(ProjectConfigurationPlatforms) = postSolution
		{2893F7BE-AEBE-4AB8-8468-2F49F7504FDC}.Debug|Any CPU.ActiveCfg = Debug|Any CPU
		{2893F7BE-AEBE-4AB8-8468-2F49F7504FDC}.Debug|Any CPU.Build.0 = Debug|Any CPU
		{2893F7BE-AEBE-4AB8-8468-2F49F7504FDC}.Release|Any CPU.ActiveCfg = Release|Any CPU
		{2893F7BE-AEBE-4AB8-8468-2F49F7504FDC}.Release|Any CPU.Build.0 = Release|Any CPU
		{B4E17453-1134-46E1-AD78-62BC818CE53B}.Debug|Any CPU.ActiveCfg = Debug|Any CPU
		{B4E17453-1134-46E1-AD78-62BC818CE53B}.Debug|Any CPU.Build.0 = Debug|Any CPU
		{B4E17453-1134-46E1-AD78-62BC818CE53B}.Release|Any CPU.ActiveCfg = Release|Any CPU
		{B4E17453-1134-46E1-AD78-62BC818CE53B}.Release|Any CPU.Build.0 = Release|Any CPU
	EndGlobalSection
	GlobalSection(SolutionProperties) = preSolution
		HideSolutionNode = FALSE
	EndGlobalSection
	GlobalSection(ExtensibilityGlobals) = postSolution
		SolutionGuid = {BB810BA8-8FFF-4B9B-AAC4-737525C76D5E}
	EndGlobalSection
EndGlobal
